
Microsoft Visual Studio Solution File, Format Version 12.00
# Visual Studio Version 17
VisualStudioVersion = 17.9.34723.18
MinimumVisualStudioVersion = 10.0.40219.1
Project("{888888A0-9F3D-457C-B088-3A5042F75D52}") = "PythonApplication1", "PythonApplication1\PythonApplication1.pyproj", "{16DF1393-E9AD-4757-84E8-C66B7D758CAC}"
EndProject
Project("{8BC9CEB8-8B4A-11D0-8D11-00A0C91BC942}") = "Backend", "superfastcode2\superfastcode2.vcxproj", "{B4FB7A51-0053-4339-8B2D-A0E5746404AD}"
EndProject
Global
	GlobalSection(SolutionConfigurationPlatforms) = preSolution
		Debug|Any CPU = Debug|Any CPU
		Debug|x64 = Debug|x64
		Debug|x86 = Debug|x86
		Release|Any CPU = Release|Any CPU
		Release|x64 = Release|x64
		Release|x86 = Release|x86
	EndGlobalSection
	GlobalSection(ProjectConfigurationPlatforms) = postSolution
		{16DF1393-E9AD-4757-84E8-C66B7D758CAC}.Debug|Any CPU.ActiveCfg = Debug|Any CPU
		{16DF1393-E9AD-4757-84E8-C66B7D758CAC}.Debug|x64.ActiveCfg = Debug|Any CPU
		{16DF1393-E9AD-4757-84E8-C66B7D758CAC}.Debug|x86.ActiveCfg = Debug|Any CPU
		{16DF1393-E9AD-4757-84E8-C66B7D758CAC}.Release|Any CPU.ActiveCfg = Release|Any CPU
		{16DF1393-E9AD-4757-84E8-C66B7D758CAC}.Release|x64.ActiveCfg = Release|Any CPU
		{16DF1393-E9AD-4757-84E8-C66B7D758CAC}.Release|x86.ActiveCfg = Release|Any CPU
		{B4FB7A51-0053-4339-8B2D-A0E5746404AD}.Debug|Any CPU.ActiveCfg = Debug|x64
		{B4FB7A51-0053-4339-8B2D-A0E5746404AD}.Debug|Any CPU.Build.0 = Debug|x64
		{B4FB7A51-0053-4339-8B2D-A0E5746404AD}.Debug|x64.ActiveCfg = Debug|x64
		{B4FB7A51-0053-4339-8B2D-A0E5746404AD}.Debug|x64.Build.0 = Debug|x64
		{B4FB7A51-0053-4339-8B2D-A0E5746404AD}.Debug|x86.ActiveCfg = Debug|Win32
		{B4FB7A51-0053-4339-8B2D-A0E5746404AD}.Debug|x86.Build.0 = Debug|Win32
		{B4FB7A51-0053-4339-8B2D-A0E5746404AD}.Release|Any CPU.ActiveCfg = Release|x64
		{B4FB7A51-0053-4339-8B2D-A0E5746404AD}.Release|Any CPU.Build.0 = Release|x64
		{B4FB7A51-0053-4339-8B2D-A0E5746404AD}.Release|x64.ActiveCfg = Release|x64
		{B4FB7A51-0053-4339-8B2D-A0E5746404AD}.Release|x64.Build.0 = Release|x64
		{B4FB7A51-0053-4339-8B2D-A0E5746404AD}.Release|x86.ActiveCfg = Release|Win32
		{B4FB7A51-0053-4339-8B2D-A0E5746404AD}.Release|x86.Build.0 = Release|Win32
	EndGlobalSection
	GlobalSection(SolutionProperties) = preSolution
		HideSolutionNode = FALSE
	EndGlobalSection
	GlobalSection(ExtensibilityGlobals) = postSolution
		SolutionGuid = {4800F06B-2D3B-4461-8C47-8AB0D1BEF4EE}
	EndGlobalSection
EndGlobal
